# THIS IS AN AUTOGENERATED FILE. DO NOT EDIT THIS FILE DIRECTLY.
# yarn lockfile v1


"@toast-ui/vue-editor@1.0.2":
  version "1.0.2"
  resolved "https://registry.yarnpkg.com/@toast-ui/vue-editor/-/vue-editor-1.0.2.tgz#5e496fa295cff1f517a72deb7a215b7205afe03b"
  integrity sha512-qDt4ngsxTieb+POS2GoG02PP8btKKFXuQ2xvzfjuwDzHufPMOoIOAUDdIG0yzsypL+QND2nBcYIqEmcRer45fQ==
  dependencies:
    tui-editor "^1.2.6"

"@types/codemirror@0.0.71":
  version "0.0.71"
  resolved "https://registry.yarnpkg.com/@types/codemirror/-/codemirror-0.0.71.tgz#861f1bcb3100c0a064567c5400f2981cf4ae8ca7"
  integrity sha512-b2oEEnno1LIGKMR7uBEsr40al1UijF1HEpRn0+Yf1xOLl24iQgB7DBpZVMM7y54G5wCNoclDrRO65E6KHPNO2w==
  dependencies:
    "@types/tern" "*"

"@types/estree@*":
  version "0.0.42"
  resolved "https://registry.yarnpkg.com/@types/estree/-/estree-0.0.42.tgz#8d0c1f480339efedb3e46070e22dd63e0430dd11"
  integrity sha512-K1DPVvnBCPxzD+G51/cxVIoc2X8uUVl1zpJeE6iKcgHMj4+tbat5Xu4TjV7v2QSDbIeAfLi2hIk+u2+s0MlpUQ==

"@types/jquery@^3.3.29":
  version "3.3.33"
  resolved "https://registry.yarnpkg.com/@types/jquery/-/jquery-3.3.33.tgz#61d9cbd4004ffcdf6cf7e34720a87a5625a7d8e9"
  integrity sha512-U6IdXYGkfUI42SR79vB2Spj+h1Ly3J3UZjpd8mi943lh126TK7CB+HZOxGh2nM3IySor7wqVQdemD/xtydsBKA==
  dependencies:
    "@types/sizzle" "*"

"@types/linkify-it@*":
  version "2.1.0"
  resolved "https://registry.yarnpkg.com/@types/linkify-it/-/linkify-it-2.1.0.tgz#ea3dd64c4805597311790b61e872cbd1ed2cd806"
  integrity sha512-Q7DYAOi9O/+cLLhdaSvKdaumWyHbm7HAk/bFwwyTuU0arR5yyCeW5GOoqt4tJTpDRxhpx9Q8kQL6vMpuw9hDSw==

"@types/markdown-it@0.0.7":
  version "0.0.7"
  resolved "https://registry.yarnpkg.com/@types/markdown-it/-/markdown-it-0.0.7.tgz#75070485a3d8ad11e7deb8287f4430be15bf4d39"
  integrity sha512-WyL6pa76ollQFQNEaLVa41ZUUvDvPY+qAUmlsphnrpL6I9p1m868b26FyeoOmo7X3/Ta/S9WKXcEYXUSHnxoVQ==
  dependencies:
    "@types/linkify-it" "*"

"@types/sizzle@*":
  version "2.3.2"
  resolved "https://registry.yarnpkg.com/@types/sizzle/-/sizzle-2.3.2.tgz#a811b8c18e2babab7d542b3365887ae2e4d9de47"
  integrity sha512-7EJYyKTL7tFR8+gDbB6Wwz/arpGa0Mywk1TJbNzKzHtzbwVmY4HR9WqS5VV7dsBUKQmPNr192jHr/VpBluj/hg==

"@types/tern@*":
  version "0.23.3"
  resolved "https://registry.yarnpkg.com/@types/tern/-/tern-0.23.3.tgz#4b54538f04a88c9ff79de1f6f94f575a7f339460"
  integrity sha512-imDtS4TAoTcXk0g7u4kkWqedB3E4qpjXzCpD2LU5M5NAXHzCDsypyvXSaG7mM8DKYkCRa7tFp4tS/lp/Wo7Q3w==
  dependencies:
    "@types/estree" "*"

argparse@^1.0.7:
  version "1.0.10"
  resolved "https://registry.yarnpkg.com/argparse/-/argparse-1.0.10.tgz#bcd6791ea5ae09725e17e5ad988134cd40b3d911"
  integrity sha512-o5Roy6tNG4SL/FOkCAN6RzjiakZS25RLYFrcMttJqbdd8BWrnA+fGz57iN5Pb06pvBGvl5gQ0B48dJlslXvoTg==
  dependencies:
    sprintf-js "~1.0.2"

codemirror@^5.48.4:
  version "5.52.0"
  resolved "https://registry.yarnpkg.com/codemirror/-/codemirror-5.52.0.tgz#4dbd6aef7f0e63db826b9a23922f0c03ac75c0a7"
  integrity sha512-K2UB6zjscrfME03HeRe/IuOmCeqNpw7PLKGHThYpLbZEuKf+ZoujJPhxZN4hHJS1O7QyzEsV7JJZGxuQWVaFCg==

core-js@^3.6.4:
  version "3.6.4"
  resolved "https://registry.yarnpkg.com/core-js/-/core-js-3.6.4.tgz#440a83536b458114b9cb2ac1580ba377dc470647"
  integrity sha512-4paDGScNgZP2IXXilaffL9X7968RuvwlkK3xWtZRVqgd8SYNiVKRJvkFd1aqqEuPfN7E68ZHEp9hDj6lHj4Hyw==

entities@~1.1.1:
  version "1.1.2"
  resolved "https://registry.yarnpkg.com/entities/-/entities-1.1.2.tgz#bdfa735299664dfafd34529ed4f8522a275fea56"
  integrity sha512-f2LZMYl1Fzu7YSBKg+RoROelpOaNrcGmE9AZubeDfrCEia483oW4MI4VyFd5VNHIgQ/7qm1I0wUHK1eJnn2y2w==

"eve@git://github.com/adobe-webplatform/eve.git#eef80ed":
  version "0.4.1"
  resolved "git://github.com/adobe-webplatform/eve.git#eef80ed8d188423c2272746fb8ae5cc8dad84cb1"

highlight.js@^9.12.0:
  version "9.18.1"
  resolved "https://registry.yarnpkg.com/highlight.js/-/highlight.js-9.18.1.tgz#ed21aa001fe6252bb10a3d76d47573c6539fe13c"
  integrity sha512-OrVKYz70LHsnCgmbXctv/bfuvntIKDz177h0Co37DQ5jamGZLVmoCVMtjMtNZY3X9DrCcKfklHPNeA0uPZhSJg==

jquery@^3.3.1:
  version "3.5.1"
  resolved "https://registry.yarnpkg.com/jquery/-/jquery-3.5.1.tgz#d7b4d08e1bfdb86ad2f1a3d039ea17304717abb5"
  integrity sha512-XwIBPqcMn57FxfT+Go5pzySnm4KWkT1Tv7gjrpT1srtf8Weynl6R273VJ5GjkRb51IzMp5nbaPjJXMWeju2MKg==

linkify-it@^2.0.0:
  version "2.2.0"
  resolved "https://registry.yarnpkg.com/linkify-it/-/linkify-it-2.2.0.tgz#e3b54697e78bf915c70a38acd78fd09e0058b1cf"
  integrity sha512-GnAl/knGn+i1U/wjBz3akz2stz+HrHLsxMwHQGofCDfPvlf+gDKN58UtfmUquTY4/MXeE2x7k19KQmeoZi94Iw==
  dependencies:
    uc.micro "^1.0.1"

markdown-it@^9.0.0:
  version "9.1.0"
  resolved "https://registry.yarnpkg.com/markdown-it/-/markdown-it-9.1.0.tgz#df9601c168568704d554b1fff9af0c5b561168d9"
  integrity sha512-xHKG4C8iPriyfu/jc2hsCC045fKrMQ0VexX2F1FGYiRxDxqMB2aAhF8WauJ3fltn2kb90moGBkiiEdooGIg55w==
  dependencies:
    argparse "^1.0.7"
    entities "~1.1.1"
    linkify-it "^2.0.0"
    mdurl "^1.0.1"
    uc.micro "^1.0.5"

mdurl@^1.0.1:
  version "1.0.1"
  resolved "https://registry.yarnpkg.com/mdurl/-/mdurl-1.0.1.tgz#fe85b2ec75a59037f2adfec100fd6c601761152e"
  integrity sha1-/oWy7HWlkDfyrf7BAP1sYBdhFS4=

plantuml-encoder@^1.2.5:
  version "1.4.0"
  resolved "https://registry.yarnpkg.com/plantuml-encoder/-/plantuml-encoder-1.4.0.tgz#7899302cf785de956bf1a167e15420feee5975f7"
  integrity sha512-sxMwpDw/ySY1WB2CE3+IdMuEcWibJ72DDOsXLkSmEaSzwEUaYBT6DWgOfBiHGCux4q433X6+OEFWjlVqp7gL6g==

"raphael@https://github.com/nhn/raphael.git#2.2.0-c":
  version "2.2.0-c"
  uid "78a6ed3ec269f33b6457b0ec66f8c3d1f2ed70e0"
  resolved "https://github.com/nhn/raphael.git#78a6ed3ec269f33b6457b0ec66f8c3d1f2ed70e0"
  dependencies:
    eve "git://github.com/adobe-webplatform/eve.git#eef80ed"

resize-observer-polyfill@^1.5.0:
  version "1.5.1"
  resolved "https://registry.yarnpkg.com/resize-observer-polyfill/-/resize-observer-polyfill-1.5.1.tgz#0e9020dd3d21024458d4ebd27e23e40269810464"
  integrity sha512-LwZrotdHOo12nQuZlHEmtuXdqGoOD0OhaxopaNFxWzInpEgaLWoVuAMbTzixuosCx2nEG58ngzW3vxdWoxIgdg==

sprintf-js@~1.0.2:
  version "1.0.3"
  resolved "https://registry.yarnpkg.com/sprintf-js/-/sprintf-js-1.0.3.tgz#04e6926f662895354f3dd015203633b857297e2c"
  integrity sha1-BOaSb2YolTVPPdAVIDYzuFcpfiw=

"squire-rte@github:seonim-ryu/Squire#fd40b4e3020845825701e9689f190bab3f4775d4":
  version "1.9.0"
  resolved "https://codeload.github.com/seonim-ryu/Squire/tar.gz/fd40b4e3020845825701e9689f190bab3f4775d4"

to-mark@^1.1.9:
  version "1.1.9"
  resolved "https://registry.yarnpkg.com/to-mark/-/to-mark-1.1.9.tgz#2cfbc8e765c430ddcb46a218be079b4ca2773d5b"
  integrity sha512-qHVnIhvwJbIIqOjuJgH2JlOmV/wPSSAY0QOQ47xQb9VPCzhV0Nd23+bBD4K/mzDGJA5lckZMfkgLScYvqKnPpg==

tui-chart@^3.7.0:
  version "3.10.1"
  resolved "https://registry.yarnpkg.com/tui-chart/-/tui-chart-3.10.1.tgz#8f0abfacf8662ed4d1b1d358441e8b702ee77480"
  integrity sha512-dorZbIXDBWEhXRgK5NOwPEa2Kf+nFGVsQdHTe0fHgSsh3DfuOMiArKTD+KK6Hkz6/zMd+bB+nhdsx2KIzxBsqw==
  dependencies:
    core-js "^3.6.4"
    raphael "https://github.com/nhn/raphael.git#2.2.0-c"
    tui-code-snippet "^2.3.1"

tui-code-snippet@^1.5.0:
  version "1.5.2"
  resolved "https://registry.yarnpkg.com/tui-code-snippet/-/tui-code-snippet-1.5.2.tgz#f4b8f0f1ac996b0b5b621f77c9507af19a0de238"
  integrity sha512-6UqTlQaaC1KLcmC0HAoq5dtl1G4Fib+R+NC7pmaV7kiIlZ7JqKhUmnOoGRcreAyzd81UTK/vCvhrw9QJskpCFQ==

tui-code-snippet@^2.2.0, tui-code-snippet@^2.3.1:
  version "2.3.1"
  resolved "https://registry.yarnpkg.com/tui-code-snippet/-/tui-code-snippet-2.3.1.tgz#d11d9838c90a2e14decb10deba595758731c66de"
  integrity sha512-HopmhYTLLHAF0aUnGN+ICQzX0j6T2dXhLeW+oupH58MktsWes19vW5BbUgFjONsq2gDT8+B1lOKdRliRAqnKXg==

tui-color-picker@^2.2.1:
  version "2.2.6"
  resolved "https://registry.yarnpkg.com/tui-color-picker/-/tui-color-picker-2.2.6.tgz#bab54e47380e550bb3ac8ae974021b3cc2518aa9"
  integrity sha512-+GBTUFGOkDaFiyYt/4IJTKA68Oj7fC9lU+RHs56luyFHYSO3gWuvsZntxAvFFeCGiZFFhu9XQQaZ0rVS5TUOmA==
  dependencies:
    tui-code-snippet "^2.2.0"

tui-editor@^1.2.6:
  version "1.4.10"
  resolved "https://registry.yarnpkg.com/tui-editor/-/tui-editor-1.4.10.tgz#c69ac15842f819274857f184300d24f0a5ed6717"
  integrity sha512-fET8etzvxTm0cFa7C8cbDFkPZ8R9s/oWVRr4i7Z1QKk4YkmY/hDjrdtWPXuIOy4/IzCWQHnv4TmnyVZmAbuG5Q==
  dependencies:
    "@types/codemirror" "0.0.71"
    "@types/jquery" "^3.3.29"
    "@types/markdown-it" "0.0.7"
    codemirror "^5.48.4"
    highlight.js "^9.12.0"
    jquery "^3.3.1"
    markdown-it "^9.0.0"
    plantuml-encoder "^1.2.5"
    resize-observer-polyfill "^1.5.0"
    squire-rte "github:seonim-ryu/Squire#fd40b4e3020845825701e9689f190bab3f4775d4"
    to-mark "^1.1.9"
    tui-chart "^3.7.0"
    tui-code-snippet "^1.5.0"
    tui-color-picker "^2.2.1"

uc.micro@^1.0.1, uc.micro@^1.0.5:
  version "1.0.6"
  resolved "https://registry.yarnpkg.com/uc.micro/-/uc.micro-1.0.6.tgz#9c411a802a409a91fc6cf74081baba34b24499ac"
  integrity sha512-8Y75pvTYkLJW2hWQHXxoqRgV7qb9B+9vFEtidML+7koHUFapnVJAZ6cKs+Qjz5Aw3aZWHMC6u0wJE3At+nSGwA==

vue-notification@^1.3.20:
  version "1.3.20"
  resolved "https://registry.yarnpkg.com/vue-notification/-/vue-notification-1.3.20.tgz#d85618127763b46f3e25b8962b857947d5a97cbe"
  integrity sha512-vPj67Ah72p8xvtyVE8emfadqVWguOScAjt6OJDEUdcW5hW189NsqvfkOrctxHUUO9UYl9cTbIkzAEcPnHu+zBQ==
